
Microsoft Visual Studio Solution File, Format Version 12.00
# Visual Studio Version 17
VisualStudioVersion = 17.5.002.0
MinimumVisualStudioVersion = 10.0.40219.1
Project("{9A19103F-16F7-4668-BE54-9A1E7A4F7556}") = "resizer", "resizer.csproj", "{7DCABA4A-A4C2-4AAD-9A92-0AC58E758C31}"
EndProject
Global
	GlobalSection(SolutionConfigurationPlatforms) = preSolution
		Debug|Any CPU = Debug|Any CPU
		Release|Any CPU = Release|Any CPU
	EndGlobalSection
	GlobalSection(ProjectConfigurationPlatforms) = postSolution
		{7DCABA4A-A4C2-4AAD-9A92-0AC58E758C31}.Debug|Any CPU.ActiveCfg = Debug|Any CPU
		{7DCABA4A-A4C2-4AAD-9A92-0AC58E758C31}.Debug|Any CPU.Build.0 = Debug|Any CPU
		{7DCABA4A-A4C2-4AAD-9A92-0AC58E758C31}.Release|Any CPU.ActiveCfg = Release|Any CPU
		{7DCABA4A-A4C2-4AAD-9A92-0AC58E758C31}.Release|Any CPU.Build.0 = Release|Any CPU
	EndGlobalSection
	GlobalSection(SolutionProperties) = preSolution
		HideSolutionNode = FALSE
	EndGlobalSection
	GlobalSection(ExtensibilityGlobals) = postSolution
		SolutionGuid = {5DFD8DFF-8A90-4E86-BD9A-A72100357FFD}
	EndGlobalSection
EndGlobal
